
Microsoft Visual Studio Solution File, Format Version 12.00
# Visual Studio 15
VisualStudioVersion = 15.0.28307.705
MinimumVisualStudioVersion = 10.0.40219.1
Project("{FAE04EC0-301F-11D3-BF4B-00C04F79EFBC}") = "DocxToText.Tests", "DocxToText.Tests\DocxToText.Tests.csproj", "{BF3472B9-FF6D-4017-BF1E-6575F3B23953}"
EndProject
Project("{FAE04EC0-301F-11D3-BF4B-00C04F79EFBC}") = "DocxToText", "DocxToText\DocxToText.csproj", "{676D4488-209D-44AB-B0D1-0403AF194D4D}"
EndProject
Global
	GlobalSection(SolutionConfigurationPlatforms) = preSolution
		Debug|Any CPU = Debug|Any CPU
		Release|Any CPU = Release|Any CPU
	EndGlobalSection
	GlobalSection(ProjectConfigurationPlatforms) = postSolution
		{BF3472B9-FF6D-4017-BF1E-6575F3B23953}.Debug|Any CPU.ActiveCfg = Debug|Any CPU
		{BF3472B9-FF6D-4017-BF1E-6575F3B23953}.Debug|Any CPU.Build.0 = Debug|Any CPU
		{BF3472B9-FF6D-4017-BF1E-6575F3B23953}.Release|Any CPU.ActiveCfg = Release|Any CPU
		{BF3472B9-FF6D-4017-BF1E-6575F3B23953}.Release|Any CPU.Build.0 = Release|Any CPU
		{676D4488-209D-44AB-B0D1-0403AF194D4D}.Debug|Any CPU.ActiveCfg = Debug|Any CPU
		{676D4488-209D-44AB-B0D1-0403AF194D4D}.Debug|Any CPU.Build.0 = Debug|Any CPU
		{676D4488-209D-44AB-B0D1-0403AF194D4D}.Release|Any CPU.ActiveCfg = Release|Any CPU
		{676D4488-209D-44AB-B0D1-0403AF194D4D}.Release|Any CPU.Build.0 = Release|Any CPU
	EndGlobalSection
	GlobalSection(SolutionProperties) = preSolution
		HideSolutionNode = FALSE
	EndGlobalSection
	GlobalSection(ExtensibilityGlobals) = postSolution
		SolutionGuid = {81B1F4C0-0D97-4D7A-9CB1-59616FA3DD89}
	EndGlobalSection
EndGlobal
